// !$*UTF8*$!
{
	archiveVersion = 1;
	classes = {
	};
	objectVersion = 46;
	objects = {

/* Begin PBXBuildFile section */
		0FA538409AE23061B987F11F /* libPods-TwitterStreamAndRESTAPI.a in Frameworks */ = {isa = PBXBuildFile; fileRef = 15E943F6CAFD9D30A8EA6EB9 /* libPods-TwitterStreamAndRESTAPI.a */; };
		9C530399281457577CF85382 /* libPods-TwitterStreamAndRESTAPITests.a in Frameworks */ = {isa = PBXBuildFile; fileRef = 1834D830FB71F8E1BE225235 /* libPods-TwitterStreamAndRESTAPITests.a */; };
		9F73CF441D6646B300535519 /* main.m in Sources */ = {isa = PBXBuildFile; fileRef = 9F73CF431D6646B300535519 /* main.m */; };
		9F73CF471D6646B300535519 /* AppDelegate.m in Sources */ = {isa = PBXBuildFile; fileRef = 9F73CF461D6646B300535519 /* AppDelegate.m */; };
		9F73CF4A1D6646B300535519 /* ViewController.m in Sources */ = {isa = PBXBuildFile; fileRef = 9F73CF491D6646B300535519 /* ViewController.m */; };
		9F73CF4D1D6646B300535519 /* Main.storyboard in Resources */ = {isa = PBXBuildFile; fileRef = 9F73CF4B1D6646B300535519 /* Main.storyboard */; };
		9F73CF4F1D6646B300535519 /* Assets.xcassets in Resources */ = {isa = PBXBuildFile; fileRef = 9F73CF4E1D6646B300535519 /* Assets.xcassets */; };
		9F73CF521D6646B300535519 /* LaunchScreen.storyboard in Resources */ = {isa = PBXBuildFile; fileRef = 9F73CF501D6646B300535519 /* LaunchScreen.storyboard */; };
		9F73CF5D1D6646B300535519 /* TwitterStreamAndRESTAPITests.m in Sources */ = {isa = PBXBuildFile; fileRef = 9F73CF5C1D6646B300535519 /* TwitterStreamAndRESTAPITests.m */; };
		9F73CF681D6646B300535519 /* TwitterStreamAndRESTAPIUITests.m in Sources */ = {isa = PBXBuildFile; fileRef = 9F73CF671D6646B300535519 /* TwitterStreamAndRESTAPIUITests.m */; };
		9FD748CC1D66FA5700B664DE /* NetworkManager.m in Sources */ = {isa = PBXBuildFile; fileRef = 9FD748CB1D66FA5700B664DE /* NetworkManager.m */; };
		9FD748CF1D66FA7400B664DE /* Utils.m in Sources */ = {isa = PBXBuildFile; fileRef = 9FD748CE1D66FA7400B664DE /* Utils.m */; };
		9FD748D51D66FAE900B664DE /* Reachability.m in Sources */ = {isa = PBXBuildFile; fileRef = 9FD748D31D66FAE900B664DE /* Reachability.m */; };
		9FD748DA1D66FC0100B664DE /* NetworkManager+ForSubclassEyesOnly.m in Sources */ = {isa = PBXBuildFile; fileRef = 9FD748D91D66FC0100B664DE /* NetworkManager+ForSubclassEyesOnly.m */; };
		9FD748DD1D66FD6D00B664DE /* NetworkManager+StreamAPI.m in Sources */ = {isa = PBXBuildFile; fileRef = 9FD748DC1D66FD6D00B664DE /* NetworkManager+StreamAPI.m */; };
/* End PBXBuildFile section */

/* Begin PBXContainerItemProxy section */
		9F73CF591D6646B300535519 /* PBXContainerItemProxy */ = {
			isa = PBXContainerItemProxy;
			containerPortal = 9F73CF371D6646B300535519 /* Project object */;
			proxyType = 1;
			remoteGlobalIDString = 9F73CF3E1D6646B300535519;
			remoteInfo = TwitterStreamAndRESTAPI;
		};
		9F73CF641D6646B300535519 /* PBXContainerItemProxy */ = {
			isa = PBXContainerItemProxy;
			containerPortal = 9F73CF371D6646B300535519 /* Project object */;
			proxyType = 1;
			remoteGlobalIDString = 9F73CF3E1D6646B300535519;
			remoteInfo = TwitterStreamAndRESTAPI;
		};
/* End PBXContainerItemProxy section */

/* Begin PBXFileReference section */
		02EA5E3B3A2D679AFD37AAA3 /* Pods-TwitterStreamAndRESTAPITests.debug.xcconfig */ = {isa = PBXFileReference; includeInIndex = 1; lastKnownFileType = text.xcconfig; name = "Pods-TwitterStreamAndRESTAPITests.debug.xcconfig"; path = "Pods/Target Support Files/Pods-TwitterStreamAndRESTAPITests/Pods-TwitterStreamAndRESTAPITests.debug.xcconfig"; sourceTree = "<group>"; };
		1512B4256FCE83C4201529BE /* Pods-TwitterStreamAndRESTAPI.release.xcconfig */ = {isa = PBXFileReference; includeInIndex = 1; lastKnownFileType = text.xcconfig; name = "Pods-TwitterStreamAndRESTAPI.release.xcconfig"; path = "Pods/Target Support Files/Pods-TwitterStreamAndRESTAPI/Pods-TwitterStreamAndRESTAPI.release.xcconfig"; sourceTree = "<group>"; };
		15E943F6CAFD9D30A8EA6EB9 /* libPods-TwitterStreamAndRESTAPI.a */ = {isa = PBXFileReference; explicitFileType = archive.ar; includeInIndex = 0; path = "libPods-TwitterStreamAndRESTAPI.a"; sourceTree = BUILT_PRODUCTS_DIR; };
		1834D830FB71F8E1BE225235 /* libPods-TwitterStreamAndRESTAPITests.a */ = {isa = PBXFileReference; explicitFileType = archive.ar; includeInIndex = 0; path = "libPods-TwitterStreamAndRESTAPITests.a"; sourceTree = BUILT_PRODUCTS_DIR; };
		9F73CF3F1D6646B300535519 /* TwitterStreamAndRESTAPI.app */ = {isa = PBXFileReference; explicitFileType = wrapper.application; includeInIndex = 0; path = TwitterStreamAndRESTAPI.app; sourceTree = BUILT_PRODUCTS_DIR; };
		9F73CF431D6646B300535519 /* main.m */ = {isa = PBXFileReference; lastKnownFileType = sourcecode.c.objc; path = main.m; sourceTree = "<group>"; };
		9F73CF451D6646B300535519 /* AppDelegate.h */ = {isa = PBXFileReference; lastKnownFileType = sourcecode.c.h; path = AppDelegate.h; sourceTree = "<group>"; };
		9F73CF461D6646B300535519 /* AppDelegate.m */ = {isa = PBXFileReference; lastKnownFileType = sourcecode.c.objc; path = AppDelegate.m; sourceTree = "<group>"; };
		9F73CF481D6646B300535519 /* ViewController.h */ = {isa = PBXFileReference; lastKnownFileType = sourcecode.c.h; path = ViewController.h; sourceTree = "<group>"; };
		9F73CF491D6646B300535519 /* ViewController.m */ = {isa = PBXFileReference; lastKnownFileType = sourcecode.c.objc; path = ViewController.m; sourceTree = "<group>"; };
		9F73CF4C1D6646B300535519 /* Base */ = {isa = PBXFileReference; lastKnownFileType = file.storyboard; name = Base; path = Base.lproj/Main.storyboard; sourceTree = "<group>"; };
		9F73CF4E1D6646B300535519 /* Assets.xcassets */ = {isa = PBXFileReference; lastKnownFileType = folder.assetcatalog; path = Assets.xcassets; sourceTree = "<group>"; };
		9F73CF511D6646B300535519 /* Base */ = {isa = PBXFileReference; lastKnownFileType = file.storyboard; name = Base; path = Base.lproj/LaunchScreen.storyboard; sourceTree = "<group>"; };
		9F73CF531D6646B300535519 /* Info.plist */ = {isa = PBXFileReference; lastKnownFileType = text.plist.xml; path = Info.plist; sourceTree = "<group>"; };
		9F73CF581D6646B300535519 /* TwitterStreamAndRESTAPITests.xctest */ = {isa = PBXFileReference; explicitFileType = wrapper.cfbundle; includeInIndex = 0; path = TwitterStreamAndRESTAPITests.xctest; sourceTree = BUILT_PRODUCTS_DIR; };
		9F73CF5C1D6646B300535519 /* TwitterStreamAndRESTAPITests.m */ = {isa = PBXFileReference; lastKnownFileType = sourcecode.c.objc; path = TwitterStreamAndRESTAPITests.m; sourceTree = "<group>"; };
		9F73CF5E1D6646B300535519 /* Info.plist */ = {isa = PBXFileReference; lastKnownFileType = text.plist.xml; path = Info.plist; sourceTree = "<group>"; };
		9F73CF631D6646B300535519 /* TwitterStreamAndRESTAPIUITests.xctest */ = {isa = PBXFileReference; explicitFileType = wrapper.cfbundle; includeInIndex = 0; path = TwitterStreamAndRESTAPIUITests.xctest; sourceTree = BUILT_PRODUCTS_DIR; };
		9F73CF671D6646B300535519 /* TwitterStreamAndRESTAPIUITests.m */ = {isa = PBXFileReference; lastKnownFileType = sourcecode.c.objc; path = TwitterStreamAndRESTAPIUITests.m; sourceTree = "<group>"; };
		9F73CF691D6646B300535519 /* Info.plist */ = {isa = PBXFileReference; lastKnownFileType = text.plist.xml; path = Info.plist; sourceTree = "<group>"; };
		9FD748CA1D66FA5700B664DE /* NetworkManager.h */ = {isa = PBXFileReference; fileEncoding = 4; lastKnownFileType = sourcecode.c.h; path = NetworkManager.h; sourceTree = "<group>"; };
		9FD748CB1D66FA5700B664DE /* NetworkManager.m */ = {isa = PBXFileReference; fileEncoding = 4; lastKnownFileType = sourcecode.c.objc; path = NetworkManager.m; sourceTree = "<group>"; };
		9FD748CD1D66FA7400B664DE /* Utils.h */ = {isa = PBXFileReference; fileEncoding = 4; lastKnownFileType = sourcecode.c.h; path = Utils.h; sourceTree = "<group>"; };
		9FD748CE1D66FA7400B664DE /* Utils.m */ = {isa = PBXFileReference; fileEncoding = 4; lastKnownFileType = sourcecode.c.objc; path = Utils.m; sourceTree = "<group>"; };
		9FD748D31D66FAE900B664DE /* Reachability.m */ = {isa = PBXFileReference; fileEncoding = 4; lastKnownFileType = sourcecode.c.objc; path = Reachability.m; sourceTree = "<group>"; };
		9FD748D41D66FAE900B664DE /* Reachability.h */ = {isa = PBXFileReference; fileEncoding = 4; lastKnownFileType = sourcecode.c.h; path = Reachability.h; sourceTree = "<group>"; };
		9FD748D71D66FB4E00B664DE /* Constants.h */ = {isa = PBXFileReference; lastKnownFileType = sourcecode.c.h; path = Constants.h; sourceTree = "<group>"; };
		9FD748D81D66FC0100B664DE /* NetworkManager+ForSubclassEyesOnly.h */ = {isa = PBXFileReference; fileEncoding = 4; lastKnownFileType = sourcecode.c.h; path = "NetworkManager+ForSubclassEyesOnly.h"; sourceTree = "<group>"; };
		9FD748D91D66FC0100B664DE /* NetworkManager+ForSubclassEyesOnly.m */ = {isa = PBXFileReference; fileEncoding = 4; lastKnownFileType = sourcecode.c.objc; path = "NetworkManager+ForSubclassEyesOnly.m"; sourceTree = "<group>"; };
		9FD748DB1D66FD6D00B664DE /* NetworkManager+StreamAPI.h */ = {isa = PBXFileReference; fileEncoding = 4; lastKnownFileType = sourcecode.c.h; path = "NetworkManager+StreamAPI.h"; sourceTree = "<group>"; };
		9FD748DC1D66FD6D00B664DE /* NetworkManager+StreamAPI.m */ = {isa = PBXFileReference; fileEncoding = 4; lastKnownFileType = sourcecode.c.objc; path = "NetworkManager+StreamAPI.m"; sourceTree = "<group>"; };
		B4501DF6DF3C481E5BAE19A4 /* Pods-TwitterStreamAndRESTAPI.debug.xcconfig */ = {isa = PBXFileReference; includeInIndex = 1; lastKnownFileType = text.xcconfig; name = "Pods-TwitterStreamAndRESTAPI.debug.xcconfig"; path = "Pods/Target Support Files/Pods-TwitterStreamAndRESTAPI/Pods-TwitterStreamAndRESTAPI.debug.xcconfig"; sourceTree = "<group>"; };
		DB9610C40C4AB6F4EC6B1DE2 /* Pods-TwitterStreamAndRESTAPITests.release.xcconfig */ = {isa = PBXFileReference; includeInIndex = 1; lastKnownFileType = text.xcconfig; name = "Pods-TwitterStreamAndRESTAPITests.release.xcconfig"; path = "Pods/Target Support Files/Pods-TwitterStreamAndRESTAPITests/Pods-TwitterStreamAndRESTAPITests.release.xcconfig"; sourceTree = "<group>"; };
/* End PBXFileReference section */

/* Begin PBXFrameworksBuildPhase section */
		9F73CF3C1D6646B300535519 /* Frameworks */ = {
			isa = PBXFrameworksBuildPhase;
			buildActionMask = 2147483647;
			files = (
				0FA538409AE23061B987F11F /* libPods-TwitterStreamAndRESTAPI.a in Frameworks */,
			);
			runOnlyForDeploymentPostprocessing = 0;
		};
		9F73CF551D6646B300535519 /* Frameworks */ = {
			isa = PBXFrameworksBuildPhase;
			buildActionMask = 2147483647;
			files = (
				9C530399281457577CF85382 /* libPods-TwitterStreamAndRESTAPITests.a in Frameworks */,
			);
			runOnlyForDeploymentPostprocessing = 0;
		};
		9F73CF601D6646B300535519 /* Frameworks */ = {
			isa = PBXFrameworksBuildPhase;
			buildActionMask = 2147483647;
			files = (
			);
			runOnlyForDeploymentPostprocessing = 0;
		};
/* End PBXFrameworksBuildPhase section */

/* Begin PBXGroup section */
		90D55261A8652E3003095260 /* Pods */ = {
			isa = PBXGroup;
			children = (
				B4501DF6DF3C481E5BAE19A4 /* Pods-TwitterStreamAndRESTAPI.debug.xcconfig */,
				1512B4256FCE83C4201529BE /* Pods-TwitterStreamAndRESTAPI.release.xcconfig */,
				02EA5E3B3A2D679AFD37AAA3 /* Pods-TwitterStreamAndRESTAPITests.debug.xcconfig */,
				DB9610C40C4AB6F4EC6B1DE2 /* Pods-TwitterStreamAndRESTAPITests.release.xcconfig */,
			);
			name = Pods;
			sourceTree = "<group>";
		};
		9F73CF361D6646B300535519 = {
			isa = PBXGroup;
			children = (
				9F73CF411D6646B300535519 /* TwitterStreamAndRESTAPI */,
				9F73CF5B1D6646B300535519 /* TwitterStreamAndRESTAPITests */,
				9F73CF661D6646B300535519 /* TwitterStreamAndRESTAPIUITests */,
				9F73CF401D6646B300535519 /* Products */,
				90D55261A8652E3003095260 /* Pods */,
				A9276BB558EF81F42228CDA8 /* Frameworks */,
			);
			sourceTree = "<group>";
		};
		9F73CF401D6646B300535519 /* Products */ = {
			isa = PBXGroup;
			children = (
				9F73CF3F1D6646B300535519 /* TwitterStreamAndRESTAPI.app */,
				9F73CF581D6646B300535519 /* TwitterStreamAndRESTAPITests.xctest */,
				9F73CF631D6646B300535519 /* TwitterStreamAndRESTAPIUITests.xctest */,
			);
			name = Products;
			sourceTree = "<group>";
		};
		9F73CF411D6646B300535519 /* TwitterStreamAndRESTAPI */ = {
			isa = PBXGroup;
			children = (
				9F73CF7A1D6666FD00535519 /* App Delegate */,
				9F73CF791D6666F600535519 /* Assets */,
				9F73CF781D6666EB00535519 /* Categories */,
				9F73CF771D6666E400535519 /* Managers */,
				9F73CF761D6666DB00535519 /* Utilities */,
				9F73CF751D6666D200535519 /* Views */,
				9F73CF421D6646B300535519 /* Supporting Files */,
			);
			path = TwitterStreamAndRESTAPI;
			sourceTree = "<group>";
		};
		9F73CF421D6646B300535519 /* Supporting Files */ = {
			isa = PBXGroup;
			children = (
				9F73CF531D6646B300535519 /* Info.plist */,
				9F73CF431D6646B300535519 /* main.m */,
			);
			name = "Supporting Files";
			sourceTree = "<group>";
		};
		9F73CF5B1D6646B300535519 /* TwitterStreamAndRESTAPITests */ = {
			isa = PBXGroup;
			children = (
				9F73CF5C1D6646B300535519 /* TwitterStreamAndRESTAPITests.m */,
				9F73CF5E1D6646B300535519 /* Info.plist */,
			);
			path = TwitterStreamAndRESTAPITests;
			sourceTree = "<group>";
		};
		9F73CF661D6646B300535519 /* TwitterStreamAndRESTAPIUITests */ = {
			isa = PBXGroup;
			children = (
				9F73CF671D6646B300535519 /* TwitterStreamAndRESTAPIUITests.m */,
				9F73CF691D6646B300535519 /* Info.plist */,
			);
			path = TwitterStreamAndRESTAPIUITests;
			sourceTree = "<group>";
		};
		9F73CF751D6666D200535519 /* Views */ = {
			isa = PBXGroup;
			children = (
				9F73CF481D6646B300535519 /* ViewController.h */,
				9F73CF491D6646B300535519 /* ViewController.m */,
				9F73CF4B1D6646B300535519 /* Main.storyboard */,
			);
			name = Views;
			sourceTree = "<group>";
		};
		9F73CF761D6666DB00535519 /* Utilities */ = {
			isa = PBXGroup;
			children = (
				9FD748D71D66FB4E00B664DE /* Constants.h */,
				9FD748CD1D66FA7400B664DE /* Utils.h */,
				9FD748CE1D66FA7400B664DE /* Utils.m */,
				9FD748D41D66FAE900B664DE /* Reachability.h */,
				9FD748D31D66FAE900B664DE /* Reachability.m */,
			);
			name = Utilities;
			sourceTree = "<group>";
		};
		9F73CF771D6666E400535519 /* Managers */ = {
			isa = PBXGroup;
			children = (
				9FD748C81D66F9FF00B664DE /* Network Manager */,
			);
			name = Managers;
			sourceTree = "<group>";
		};
		9F73CF781D6666EB00535519 /* Categories */ = {
			isa = PBXGroup;
			children = (
			);
			name = Categories;
			sourceTree = "<group>";
		};
		9F73CF791D6666F600535519 /* Assets */ = {
			isa = PBXGroup;
			children = (
				9F73CF4E1D6646B300535519 /* Assets.xcassets */,
				9F73CF501D6646B300535519 /* LaunchScreen.storyboard */,
			);
			name = Assets;
			sourceTree = "<group>";
		};
		9F73CF7A1D6666FD00535519 /* App Delegate */ = {
			isa = PBXGroup;
			children = (
				9F73CF451D6646B300535519 /* AppDelegate.h */,
				9F73CF461D6646B300535519 /* AppDelegate.m */,
			);
			name = "App Delegate";
			sourceTree = "<group>";
		};
		9FD748C81D66F9FF00B664DE /* Network Manager */ = {
			isa = PBXGroup;
			children = (
				9FD748CA1D66FA5700B664DE /* NetworkManager.h */,
				9FD748CB1D66FA5700B664DE /* NetworkManager.m */,
				9FD748C91D66FA0800B664DE /* Network Categories */,
			);
			name = "Network Manager";
			sourceTree = "<group>";
		};
		9FD748C91D66FA0800B664DE /* Network Categories */ = {
			isa = PBXGroup;
			children = (
				9FD748D81D66FC0100B664DE /* NetworkManager+ForSubclassEyesOnly.h */,
				9FD748D91D66FC0100B664DE /* NetworkManager+ForSubclassEyesOnly.m */,
				9FD748DB1D66FD6D00B664DE /* NetworkManager+StreamAPI.h */,
				9FD748DC1D66FD6D00B664DE /* NetworkManager+StreamAPI.m */,
			);
			name = "Network Categories";
			sourceTree = "<group>";
		};
		A9276BB558EF81F42228CDA8 /* Frameworks */ = {
			isa = PBXGroup;
			children = (
				15E943F6CAFD9D30A8EA6EB9 /* libPods-TwitterStreamAndRESTAPI.a */,
				1834D830FB71F8E1BE225235 /* libPods-TwitterStreamAndRESTAPITests.a */,
			);
			name = Frameworks;
			sourceTree = "<group>";
		};
/* End PBXGroup section */

/* Begin PBXNativeTarget section */
		9F73CF3E1D6646B300535519 /* TwitterStreamAndRESTAPI */ = {
			isa = PBXNativeTarget;
			buildConfigurationList = 9F73CF6C1D6646B300535519 /* Build configuration list for PBXNativeTarget "TwitterStreamAndRESTAPI" */;
			buildPhases = (
				5180BFA72F5522C972273890 /* [CP] Check Pods Manifest.lock */,
				9F73CF3B1D6646B300535519 /* Sources */,
				9F73CF3C1D6646B300535519 /* Frameworks */,
				9F73CF3D1D6646B300535519 /* Resources */,
				FA501E7B0F7DEFDCA6205201 /* [CP] Embed Pods Frameworks */,
				C86731B9D172C36C9A14A416 /* [CP] Copy Pods Resources */,
			);
			buildRules = (
			);
			dependencies = (
			);
			name = TwitterStreamAndRESTAPI;
			productName = TwitterStreamAndRESTAPI;
			productReference = 9F73CF3F1D6646B300535519 /* TwitterStreamAndRESTAPI.app */;
			productType = "com.apple.product-type.application";
		};
		9F73CF571D6646B300535519 /* TwitterStreamAndRESTAPITests */ = {
			isa = PBXNativeTarget;
			buildConfigurationList = 9F73CF6F1D6646B300535519 /* Build configuration list for PBXNativeTarget "TwitterStreamAndRESTAPITests" */;
			buildPhases = (
				A2E6F75562EA79AB2F50D610 /* [CP] Check Pods Manifest.lock */,
				9F73CF541D6646B300535519 /* Sources */,
				9F73CF551D6646B300535519 /* Frameworks */,
				9F73CF561D6646B300535519 /* Resources */,
				ABB410FE2C668C6179A0A3D7 /* [CP] Embed Pods Frameworks */,
				0994EA20EFF052CB38595E2C /* [CP] Copy Pods Resources */,
			);
			buildRules = (
			);
			dependencies = (
				9F73CF5A1D6646B300535519 /* PBXTargetDependency */,
			);
			name = TwitterStreamAndRESTAPITests;
			productName = TwitterStreamAndRESTAPITests;
			productReference = 9F73CF581D6646B300535519 /* TwitterStreamAndRESTAPITests.xctest */;
			productType = "com.apple.product-type.bundle.unit-test";
		};
		9F73CF621D6646B300535519 /* TwitterStreamAndRESTAPIUITests */ = {
			isa = PBXNativeTarget;
			buildConfigurationList = 9F73CF721D6646B300535519 /* Build configuration list for PBXNativeTarget "TwitterStreamAndRESTAPIUITests" */;
			buildPhases = (
				9F73CF5F1D6646B300535519 /* Sources */,
				9F73CF601D6646B300535519 /* Frameworks */,
				9F73CF611D6646B300535519 /* Resources */,
			);
			buildRules = (
			);
			dependencies = (
				9F73CF651D6646B300535519 /* PBXTargetDependency */,
			);
			name = TwitterStreamAndRESTAPIUITests;
			productName = TwitterStreamAndRESTAPIUITests;
			productReference = 9F73CF631D6646B300535519 /* TwitterStreamAndRESTAPIUITests.xctest */;
			productType = "com.apple.product-type.bundle.ui-testing";
		};
/* End PBXNativeTarget section */

/* Begin PBXProject section */
		9F73CF371D6646B300535519 /* Project object */ = {
			isa = PBXProject;
			attributes = {
				LastUpgradeCheck = 0730;
				ORGANIZATIONNAME = "Manuel Marcos Regalado";
				TargetAttributes = {
					9F73CF3E1D6646B300535519 = {
						CreatedOnToolsVersion = 7.3.1;
					};
					9F73CF571D6646B300535519 = {
						CreatedOnToolsVersion = 7.3.1;
						TestTargetID = 9F73CF3E1D6646B300535519;
					};
					9F73CF621D6646B300535519 = {
						CreatedOnToolsVersion = 7.3.1;
						TestTargetID = 9F73CF3E1D6646B300535519;
					};
				};
			};
			buildConfigurationList = 9F73CF3A1D6646B300535519 /* Build configuration list for PBXProject "TwitterStreamAndRESTAPI" */;
			compatibilityVersion = "Xcode 3.2";
			developmentRegion = English;
			hasScannedForEncodings = 0;
			knownRegions = (
				en,
				Base,
			);
			mainGroup = 9F73CF361D6646B300535519;
			productRefGroup = 9F73CF401D6646B300535519 /* Products */;
			projectDirPath = "";
			projectRoot = "";
			targets = (
				9F73CF3E1D6646B300535519 /* TwitterStreamAndRESTAPI */,
				9F73CF571D6646B300535519 /* TwitterStreamAndRESTAPITests */,
				9F73CF621D6646B300535519 /* TwitterStreamAndRESTAPIUITests */,
			);
		};
/* End PBXProject section */

/* Begin PBXResourcesBuildPhase section */
		9F73CF3D1D6646B300535519 /* Resources */ = {
			isa = PBXResourcesBuildPhase;
			buildActionMask = 2147483647;
			files = (
				9F73CF521D6646B300535519 /* LaunchScreen.storyboard in Resources */,
				9F73CF4F1D6646B300535519 /* Assets.xcassets in Resources */,
				9F73CF4D1D6646B300535519 /* Main.storyboard in Resources */,
			);
			runOnlyForDeploymentPostprocessing = 0;
		};
		9F73CF561D6646B300535519 /* Resources */ = {
			isa = PBXResourcesBuildPhase;
			buildActionMask = 2147483647;
			files = (
			);
			runOnlyForDeploymentPostprocessing = 0;
		};
		9F73CF611D6646B300535519 /* Resources */ = {
			isa = PBXResourcesBuildPhase;
			buildActionMask = 2147483647;
			files = (
			);
			runOnlyForDeploymentPostprocessing = 0;
		};
/* End PBXResourcesBuildPhase section */

/* Begin PBXShellScriptBuildPhase section */
		0994EA20EFF052CB38595E2C /* [CP] Copy Pods Resources */ = {
			isa = PBXShellScriptBuildPhase;
			buildActionMask = 2147483647;
			files = (
			);
			inputPaths = (
			);
			name = "[CP] Copy Pods Resources";
			outputPaths = (
			);
			runOnlyForDeploymentPostprocessing = 0;
			shellPath = /bin/sh;
			shellScript = "\"${SRCROOT}/Pods/Target Support Files/Pods-TwitterStreamAndRESTAPITests/Pods-TwitterStreamAndRESTAPITests-resources.sh\"\n";
			showEnvVarsInLog = 0;
		};
		5180BFA72F5522C972273890 /* [CP] Check Pods Manifest.lock */ = {
			isa = PBXShellScriptBuildPhase;
			buildActionMask = 2147483647;
			files = (
			);
			inputPaths = (
			);
			name = "[CP] Check Pods Manifest.lock";
			outputPaths = (
			);
			runOnlyForDeploymentPostprocessing = 0;
			shellPath = /bin/sh;
			shellScript = "diff \"${PODS_ROOT}/../Podfile.lock\" \"${PODS_ROOT}/Manifest.lock\" > /dev/null\nif [[ $? != 0 ]] ; then\n    cat << EOM\nerror: The sandbox is not in sync with the Podfile.lock. Run 'pod install' or update your CocoaPods installation.\nEOM\n    exit 1\nfi\n";
			showEnvVarsInLog = 0;
		};
		A2E6F75562EA79AB2F50D610 /* [CP] Check Pods Manifest.lock */ = {
			isa = PBXShellScriptBuildPhase;
			buildActionMask = 2147483647;
			files = (
			);
			inputPaths = (
			);
			name = "[CP] Check Pods Manifest.lock";
			outputPaths = (
			);
			runOnlyForDeploymentPostprocessing = 0;
			shellPath = /bin/sh;
			shellScript = "diff \"${PODS_ROOT}/../Podfile.lock\" \"${PODS_ROOT}/Manifest.lock\" > /dev/null\nif [[ $? != 0 ]] ; then\n    cat << EOM\nerror: The sandbox is not in sync with the Podfile.lock. Run 'pod install' or update your CocoaPods installation.\nEOM\n    exit 1\nfi\n";
			showEnvVarsInLog = 0;
		};
		ABB410FE2C668C6179A0A3D7 /* [CP] Embed Pods Frameworks */ = {
			isa = PBXShellScriptBuildPhase;
			buildActionMask = 2147483647;
			files = (
			);
			inputPaths = (
			);
			name = "[CP] Embed Pods Frameworks";
			outputPaths = (
			);
			runOnlyForDeploymentPostprocessing = 0;
			shellPath = /bin/sh;
			shellScript = "\"${SRCROOT}/Pods/Target Support Files/Pods-TwitterStreamAndRESTAPITests/Pods-TwitterStreamAndRESTAPITests-frameworks.sh\"\n";
			showEnvVarsInLog = 0;
		};
		C86731B9D172C36C9A14A416 /* [CP] Copy Pods Resources */ = {
			isa = PBXShellScriptBuildPhase;
			buildActionMask = 2147483647;
			files = (
			);
			inputPaths = (
			);
			name = "[CP] Copy Pods Resources";
			outputPaths = (
			);
			runOnlyForDeploymentPostprocessing = 0;
			shellPath = /bin/sh;
			shellScript = "\"${SRCROOT}/Pods/Target Support Files/Pods-TwitterStreamAndRESTAPI/Pods-TwitterStreamAndRESTAPI-resources.sh\"\n";
			showEnvVarsInLog = 0;
		};
		FA501E7B0F7DEFDCA6205201 /* [CP] Embed Pods Frameworks */ = {
			isa = PBXShellScriptBuildPhase;
			buildActionMask = 2147483647;
			files = (
			);
			inputPaths = (
			);
			name = "[CP] Embed Pods Frameworks";
			outputPaths = (
			);
			runOnlyForDeploymentPostprocessing = 0;
			shellPath = /bin/sh;
			shellScript = "\"${SRCROOT}/Pods/Target Support Files/Pods-TwitterStreamAndRESTAPI/Pods-TwitterStreamAndRESTAPI-frameworks.sh\"\n";
			showEnvVarsInLog = 0;
		};
/* End PBXShellScriptBuildPhase section */

/* Begin PBXSourcesBuildPhase section */
		9F73CF3B1D6646B300535519 /* Sources */ = {
			isa = PBXSourcesBuildPhase;
			buildActionMask = 2147483647;
			files = (
				9FD748DA1D66FC0100B664DE /* NetworkManager+ForSubclassEyesOnly.m in Sources */,
				9FD748CC1D66FA5700B664DE /* NetworkManager.m in Sources */,
				9F73CF4A1D6646B300535519 /* ViewController.m in Sources */,
				9FD748DD1D66FD6D00B664DE /* NetworkManager+StreamAPI.m in Sources */,
				9F73CF471D6646B300535519 /* AppDelegate.m in Sources */,
				9FD748CF1D66FA7400B664DE /* Utils.m in Sources */,
				9FD748D51D66FAE900B664DE /* Reachability.m in Sources */,
				9F73CF441D6646B300535519 /* main.m in Sources */,
			);
			runOnlyForDeploymentPostprocessing = 0;
		};
		9F73CF541D6646B300535519 /* Sources */ = {
			isa = PBXSourcesBuildPhase;
			buildActionMask = 2147483647;
			files = (
				9F73CF5D1D6646B300535519 /* TwitterStreamAndRESTAPITests.m in Sources */,
			);
			runOnlyForDeploymentPostprocessing = 0;
		};
		9F73CF5F1D6646B300535519 /* Sources */ = {
			isa = PBXSourcesBuildPhase;
			buildActionMask = 2147483647;
			files = (
				9F73CF681D6646B300535519 /* TwitterStreamAndRESTAPIUITests.m in Sources */,
			);
			runOnlyForDeploymentPostprocessing = 0;
		};
/* End PBXSourcesBuildPhase section */

/* Begin PBXTargetDependency section */
		9F73CF5A1D6646B300535519 /* PBXTargetDependency */ = {
			isa = PBXTargetDependency;
			target = 9F73CF3E1D6646B300535519 /* TwitterStreamAndRESTAPI */;
			targetProxy = 9F73CF591D6646B300535519 /* PBXContainerItemProxy */;
		};
		9F73CF651D6646B300535519 /* PBXTargetDependency */ = {
			isa = PBXTargetDependency;
			target = 9F73CF3E1D6646B300535519 /* TwitterStreamAndRESTAPI */;
			targetProxy = 9F73CF641D6646B300535519 /* PBXContainerItemProxy */;
		};
/* End PBXTargetDependency section */

/* Begin PBXVariantGroup section */
		9F73CF4B1D6646B300535519 /* Main.storyboard */ = {
			isa = PBXVariantGroup;
			children = (
				9F73CF4C1D6646B300535519 /* Base */,
			);
			name = Main.storyboard;
			sourceTree = "<group>";
		};
		9F73CF501D6646B300535519 /* LaunchScreen.storyboard */ = {
			isa = PBXVariantGroup;
			children = (
				9F73CF511D6646B300535519 /* Base */,
			);
			name = LaunchScreen.storyboard;
			sourceTree = "<group>";
		};
/* End PBXVariantGroup section */

/* Begin XCBuildConfiguration section */
		9F73CF6A1D6646B300535519 /* Debug */ = {
			isa = XCBuildConfiguration;
			buildSettings = {
				ALWAYS_SEARCH_USER_PATHS = NO;
				CLANG_ANALYZER_NONNULL = YES;
				CLANG_CXX_LANGUAGE_STANDARD = "gnu++0x";
				CLANG_CXX_LIBRARY = "libc++";
				CLANG_ENABLE_MODULES = YES;
				CLANG_ENABLE_OBJC_ARC = YES;
				CLANG_WARN_BOOL_CONVERSION = YES;
				CLANG_WARN_CONSTANT_CONVERSION = YES;
				CLANG_WARN_DIRECT_OBJC_ISA_USAGE = YES_ERROR;
				CLANG_WARN_EMPTY_BODY = YES;
				CLANG_WARN_ENUM_CONVERSION = YES;
				CLANG_WARN_INT_CONVERSION = YES;
				CLANG_WARN_OBJC_ROOT_CLASS = YES_ERROR;
				CLANG_WARN_UNREACHABLE_CODE = YES;
				CLANG_WARN__DUPLICATE_METHOD_MATCH = YES;
				"CODE_SIGN_IDENTITY[sdk=iphoneos*]" = "iPhone Developer";
				COPY_PHASE_STRIP = NO;
				DEBUG_INFORMATION_FORMAT = dwarf;
				ENABLE_STRICT_OBJC_MSGSEND = YES;
				ENABLE_TESTABILITY = YES;
				GCC_C_LANGUAGE_STANDARD = gnu99;
				GCC_DYNAMIC_NO_PIC = NO;
				GCC_NO_COMMON_BLOCKS = YES;
				GCC_OPTIMIZATION_LEVEL = 0;
				GCC_PREPROCESSOR_DEFINITIONS = (
					"DEBUG=1",
					"$(inherited)",
				);
				GCC_WARN_64_TO_32_BIT_CONVERSION = YES;
				GCC_WARN_ABOUT_RETURN_TYPE = YES_ERROR;
				GCC_WARN_UNDECLARED_SELECTOR = YES;
				GCC_WARN_UNINITIALIZED_AUTOS = YES_AGGRESSIVE;
				GCC_WARN_UNUSED_FUNCTION = YES;
				GCC_WARN_UNUSED_VARIABLE = YES;
				IPHONEOS_DEPLOYMENT_TARGET = 9.3;
				MTL_ENABLE_DEBUG_INFO = YES;
				ONLY_ACTIVE_ARCH = YES;
				SDKROOT = iphoneos;
				TARGETED_DEVICE_FAMILY = "1,2";
			};
			name = Debug;
		};
		9F73CF6B1D6646B300535519 /* Release */ = {
			isa = XCBuildConfiguration;
			buildSettings = {
				ALWAYS_SEARCH_USER_PATHS = NO;
				CLANG_ANALYZER_NONNULL = YES;
				CLANG_CXX_LANGUAGE_STANDARD = "gnu++0x";
				CLANG_CXX_LIBRARY = "libc++";
				CLANG_ENABLE_MODULES = YES;
				CLANG_ENABLE_OBJC_ARC = YES;
				CLANG_WARN_BOOL_CONVERSION = YES;
				CLANG_WARN_CONSTANT_CONVERSION = YES;
				CLANG_WARN_DIRECT_OBJC_ISA_USAGE = YES_ERROR;
				CLANG_WARN_EMPTY_BODY = YES;
				CLANG_WARN_ENUM_CONVERSION = YES;
				CLANG_WARN_INT_CONVERSION = YES;
				CLANG_WARN_OBJC_ROOT_CLASS = YES_ERROR;
				CLANG_WARN_UNREACHABLE_CODE = YES;
				CLANG_WARN__DUPLICATE_METHOD_MATCH = YES;
				"CODE_SIGN_IDENTITY[sdk=iphoneos*]" = "iPhone Developer";
				COPY_PHASE_STRIP = NO;
				DEBUG_INFORMATION_FORMAT = "dwarf-with-dsym";
				ENABLE_NS_ASSERTIONS = NO;
				ENABLE_STRICT_OBJC_MSGSEND = YES;
				GCC_C_LANGUAGE_STANDARD = gnu99;
				GCC_NO_COMMON_BLOCKS = YES;
				GCC_WARN_64_TO_32_BIT_CONVERSION = YES;
				GCC_WARN_ABOUT_RETURN_TYPE = YES_ERROR;
				GCC_WARN_UNDECLARED_SELECTOR = YES;
				GCC_WARN_UNINITIALIZED_AUTOS = YES_AGGRESSIVE;
				GCC_WARN_UNUSED_FUNCTION = YES;
				GCC_WARN_UNUSED_VARIABLE = YES;
				IPHONEOS_DEPLOYMENT_TARGET = 9.3;
				MTL_ENABLE_DEBUG_INFO = NO;
				SDKROOT = iphoneos;
				TARGETED_DEVICE_FAMILY = "1,2";
				VALIDATE_PRODUCT = YES;
			};
			name = Release;
		};
		9F73CF6D1D6646B300535519 /* Debug */ = {
			isa = XCBuildConfiguration;
			baseConfigurationReference = B4501DF6DF3C481E5BAE19A4 /* Pods-TwitterStreamAndRESTAPI.debug.xcconfig */;
			buildSettings = {
				ASSETCATALOG_COMPILER_APPICON_NAME = AppIcon;
				INFOPLIST_FILE = TwitterStreamAndRESTAPI/Info.plist;
				LD_RUNPATH_SEARCH_PATHS = "$(inherited) @executable_path/Frameworks";
				PRODUCT_BUNDLE_IDENTIFIER = manuel.marcos.TwitterStreamAndRESTAPI;
				PRODUCT_NAME = "$(TARGET_NAME)";
			};
			name = Debug;
		};
		9F73CF6E1D6646B300535519 /* Release */ = {
			isa = XCBuildConfiguration;
			baseConfigurationReference = 1512B4256FCE83C4201529BE /* Pods-TwitterStreamAndRESTAPI.release.xcconfig */;
			buildSettings = {
				ASSETCATALOG_COMPILER_APPICON_NAME = AppIcon;
				INFOPLIST_FILE = TwitterStreamAndRESTAPI/Info.plist;
				LD_RUNPATH_SEARCH_PATHS = "$(inherited) @executable_path/Frameworks";
				PRODUCT_BUNDLE_IDENTIFIER = manuel.marcos.TwitterStreamAndRESTAPI;
				PRODUCT_NAME = "$(TARGET_NAME)";
			};
			name = Release;
		};
		9F73CF701D6646B300535519 /* Debug */ = {
			isa = XCBuildConfiguration;
			baseConfigurationReference = 02EA5E3B3A2D679AFD37AAA3 /* Pods-TwitterStreamAndRESTAPITests.debug.xcconfig */;
			buildSettings = {
				BUNDLE_LOADER = "$(TEST_HOST)";
				INFOPLIST_FILE = TwitterStreamAndRESTAPITests/Info.plist;
				LD_RUNPATH_SEARCH_PATHS = "$(inherited) @executable_path/Frameworks @loader_path/Frameworks";
				PRODUCT_BUNDLE_IDENTIFIER = manuel.marcos.TwitterStreamAndRESTAPITests;
				PRODUCT_NAME = "$(TARGET_NAME)";
				TEST_HOST = "$(BUILT_PRODUCTS_DIR)/TwitterStreamAndRESTAPI.app/TwitterStreamAndRESTAPI";
			};
			name = Debug;
		};
		9F73CF711D6646B300535519 /* Release */ = {
			isa = XCBuildConfiguration;
			baseConfigurationReference = DB9610C40C4AB6F4EC6B1DE2 /* Pods-TwitterStreamAndRESTAPITests.release.xcconfig */;
			buildSettings = {
				BUNDLE_LOADER = "$(TEST_HOST)";
				INFOPLIST_FILE = TwitterStreamAndRESTAPITests/Info.plist;
				LD_RUNPATH_SEARCH_PATHS = "$(inherited) @executable_path/Frameworks @loader_path/Frameworks";
				PRODUCT_BUNDLE_IDENTIFIER = manuel.marcos.TwitterStreamAndRESTAPITests;
				PRODUCT_NAME = "$(TARGET_NAME)";
				TEST_HOST = "$(BUILT_PRODUCTS_DIR)/TwitterStreamAndRESTAPI.app/TwitterStreamAndRESTAPI";
			};
			name = Release;
		};
		9F73CF731D6646B300535519 /* Debug */ = {
			isa = XCBuildConfiguration;
			buildSettings = {
				INFOPLIST_FILE = TwitterStreamAndRESTAPIUITests/Info.plist;
				LD_RUNPATH_SEARCH_PATHS = "$(inherited) @executable_path/Frameworks @loader_path/Frameworks";
				PRODUCT_BUNDLE_IDENTIFIER = manuel.marcos.TwitterStreamAndRESTAPIUITests;
				PRODUCT_NAME = "$(TARGET_NAME)";
				TEST_TARGET_NAME = TwitterStreamAndRESTAPI;
			};
			name = Debug;
		};
		9F73CF741D6646B300535519 /* Release */ = {
			isa = XCBuildConfiguration;
			buildSettings = {
				INFOPLIST_FILE = TwitterStreamAndRESTAPIUITests/Info.plist;
				LD_RUNPATH_SEARCH_PATHS = "$(inherited) @executable_path/Frameworks @loader_path/Frameworks";
				PRODUCT_BUNDLE_IDENTIFIER = manuel.marcos.TwitterStreamAndRESTAPIUITests;
				PRODUCT_NAME = "$(TARGET_NAME)";
				TEST_TARGET_NAME = TwitterStreamAndRESTAPI;
			};
			name = Release;
		};
/* End XCBuildConfiguration section */

/* Begin XCConfigurationList section */
		9F73CF3A1D6646B300535519 /* Build configuration list for PBXProject "TwitterStreamAndRESTAPI" */ = {
			isa = XCConfigurationList;
			buildConfigurations = (
				9F73CF6A1D6646B300535519 /* Debug */,
				9F73CF6B1D6646B300535519 /* Release */,
			);
			defaultConfigurationIsVisible = 0;
			defaultConfigurationName = Release;
		};
		9F73CF6C1D6646B300535519 /* Build configuration list for PBXNativeTarget "TwitterStreamAndRESTAPI" */ = {
			isa = XCConfigurationList;
			buildConfigurations = (
				9F73CF6D1D6646B300535519 /* Debug */,
				9F73CF6E1D6646B300535519 /* Release */,
			);
			defaultConfigurationIsVisible = 0;
			defaultConfigurationName = Release;
		};
		9F73CF6F1D6646B300535519 /* Build configuration list for PBXNativeTarget "TwitterStreamAndRESTAPITests" */ = {
			isa = XCConfigurationList;
			buildConfigurations = (
				9F73CF701D6646B300535519 /* Debug */,
				9F73CF711D6646B300535519 /* Release */,
			);
			defaultConfigurationIsVisible = 0;
			defaultConfigurationName = Release;
		};
		9F73CF721D6646B300535519 /* Build configuration list for PBXNativeTarget "TwitterStreamAndRESTAPIUITests" */ = {
			isa = XCConfigurationList;
			buildConfigurations = (
				9F73CF731D6646B300535519 /* Debug */,
				9F73CF741D6646B300535519 /* Release */,
			);
			defaultConfigurationIsVisible = 0;
			defaultConfigurationName = Release;
		};
/* End XCConfigurationList section */
	};
	rootObject = 9F73CF371D6646B300535519 /* Project object */;
}
